
Microsoft Visual Studio Solution File, Format Version 12.00
# Visual Studio Version 17
VisualStudioVersion = 17.2.32630.192
MinimumVisualStudioVersion = 10.0.40219.1
Project("{2150E333-8FDC-42A3-9474-1A3956D46DE8}") = "assignments", "assignments", "{175554EC-88F0-4F80-8B69-3F579BED81D3}"
EndProject
Project("{2150E333-8FDC-42A3-9474-1A3956D46DE8}") = "tests", "tests", "{FC442815-4C2D-4E8D-A069-9CF9DE81AA9B}"
EndProject
Project("{9A19103F-16F7-4668-BE54-9A1E7A4F7556}") = "Assignment3", "Assignment3\Assignment3.csproj", "{5BFC1702-396D-4F7F-87DF-08A49C4C3B3E}"
EndProject
Project("{9A19103F-16F7-4668-BE54-9A1E7A4F7556}") = "Week2Activities", "Week2Activities\Week2Activities.csproj", "{A43F1BB0-A7A7-4BAD-82DE-29A97AA95489}"
EndProject
Project("{9A19103F-16F7-4668-BE54-9A1E7A4F7556}") = "Week3Assignment1", "Week3Assignment1\Week3Assignment1.csproj", "{5F4901D0-E915-4364-8701-BB64707BBF2E}"
EndProject
Project("{9A19103F-16F7-4668-BE54-9A1E7A4F7556}") = "Week4Assignment2", "Week4Assignment2\Week4Assignment2.csproj", "{8DCECD10-AE8E-4BB0-8ADC-2CA8A5E362FC}"
EndProject
Project("{9A19103F-16F7-4668-BE54-9A1E7A4F7556}") = "Week4Assignment1", "Week4Assignment1\Week4Assignment1.csproj", "{02849AD5-851A-414B-985F-5D43759528AE}"
EndProject
Project("{9A19103F-16F7-4668-BE54-9A1E7A4F7556}") = "Week4Assignment1_CuriousCat", "Week4Assignment1_MaliciousAttacker\Week4Assignment1_CuriousCat.csproj", "{471AE5D1-C98C-4DE0-AA67-82820742C676}"
EndProject
Project("{9A19103F-16F7-4668-BE54-9A1E7A4F7556}") = "ConsoleApp1Test", "ConsoleApp1Test\ConsoleApp1Test.csproj", "{B6FF40DD-6896-4E00-B81A-448D78481F6C}"
EndProject
Project("{9A19103F-16F7-4668-BE54-9A1E7A4F7556}") = "MidtermProject", "MidtermProject\MidtermProject.csproj", "{D00F436F-008B-4938-B188-92AB32FB00A0}"
EndProject
Project("{9A19103F-16F7-4668-BE54-9A1E7A4F7556}") = "ConsoleApp1", "ConsoleApp1\ConsoleApp1.csproj", "{E4D1DA02-1EB9-48D5-9FDE-B4B6DFD4F7F8}"
EndProject
Project("{9A19103F-16F7-4668-BE54-9A1E7A4F7556}") = "Midterm_Test", "Midterm_Test\Midterm_Test.csproj", "{5A047C8D-EE74-4100-AAB9-138797A1AD9A}"
EndProject
Project("{FAE04EC0-301F-11D3-BF4B-00C04F79EFBC}") = "Week6Assignment1", "Week6Assignment1\Week6Assignment1.csproj", "{4ECC4BE7-3F4D-495B-AE73-041B8CE0F014}"
EndProject
Project("{FAE04EC0-301F-11D3-BF4B-00C04F79EFBC}") = "Week6Assignment2", "Week6Assignment2\Week6Assignment2.csproj", "{7314E51B-E6B8-4399-870A-157658E4314D}"
EndProject
Global
	GlobalSection(SolutionConfigurationPlatforms) = preSolution
		Debug|Any CPU = Debug|Any CPU
		Release|Any CPU = Release|Any CPU
	EndGlobalSection
	GlobalSection(ProjectConfigurationPlatforms) = postSolution
		{5BFC1702-396D-4F7F-87DF-08A49C4C3B3E}.Debug|Any CPU.ActiveCfg = Debug|Any CPU
		{5BFC1702-396D-4F7F-87DF-08A49C4C3B3E}.Debug|Any CPU.Build.0 = Debug|Any CPU
		{5BFC1702-396D-4F7F-87DF-08A49C4C3B3E}.Release|Any CPU.ActiveCfg = Release|Any CPU
		{5BFC1702-396D-4F7F-87DF-08A49C4C3B3E}.Release|Any CPU.Build.0 = Release|Any CPU
		{A43F1BB0-A7A7-4BAD-82DE-29A97AA95489}.Debug|Any CPU.ActiveCfg = Debug|Any CPU
		{A43F1BB0-A7A7-4BAD-82DE-29A97AA95489}.Debug|Any CPU.Build.0 = Debug|Any CPU
		{A43F1BB0-A7A7-4BAD-82DE-29A97AA95489}.Release|Any CPU.ActiveCfg = Release|Any CPU
		{A43F1BB0-A7A7-4BAD-82DE-29A97AA95489}.Release|Any CPU.Build.0 = Release|Any CPU
		{5F4901D0-E915-4364-8701-BB64707BBF2E}.Debug|Any CPU.ActiveCfg = Debug|Any CPU
		{5F4901D0-E915-4364-8701-BB64707BBF2E}.Debug|Any CPU.Build.0 = Debug|Any CPU
		{5F4901D0-E915-4364-8701-BB64707BBF2E}.Release|Any CPU.ActiveCfg = Release|Any CPU
		{5F4901D0-E915-4364-8701-BB64707BBF2E}.Release|Any CPU.Build.0 = Release|Any CPU
		{8DCECD10-AE8E-4BB0-8ADC-2CA8A5E362FC}.Debug|Any CPU.ActiveCfg = Debug|Any CPU
		{8DCECD10-AE8E-4BB0-8ADC-2CA8A5E362FC}.Debug|Any CPU.Build.0 = Debug|Any CPU
		{8DCECD10-AE8E-4BB0-8ADC-2CA8A5E362FC}.Release|Any CPU.ActiveCfg = Release|Any CPU
		{8DCECD10-AE8E-4BB0-8ADC-2CA8A5E362FC}.Release|Any CPU.Build.0 = Release|Any CPU
		{02849AD5-851A-414B-985F-5D43759528AE}.Debug|Any CPU.ActiveCfg = Debug|Any CPU
		{02849AD5-851A-414B-985F-5D43759528AE}.Debug|Any CPU.Build.0 = Debug|Any CPU
		{02849AD5-851A-414B-985F-5D43759528AE}.Release|Any CPU.ActiveCfg = Release|Any CPU
		{02849AD5-851A-414B-985F-5D43759528AE}.Release|Any CPU.Build.0 = Release|Any CPU
		{471AE5D1-C98C-4DE0-AA67-82820742C676}.Debug|Any CPU.ActiveCfg = Debug|Any CPU
		{471AE5D1-C98C-4DE0-AA67-82820742C676}.Debug|Any CPU.Build.0 = Debug|Any CPU
		{471AE5D1-C98C-4DE0-AA67-82820742C676}.Release|Any CPU.ActiveCfg = Release|Any CPU
		{471AE5D1-C98C-4DE0-AA67-82820742C676}.Release|Any CPU.Build.0 = Release|Any CPU
		{B6FF40DD-6896-4E00-B81A-448D78481F6C}.Debug|Any CPU.ActiveCfg = Debug|Any CPU
		{B6FF40DD-6896-4E00-B81A-448D78481F6C}.Debug|Any CPU.Build.0 = Debug|Any CPU
		{B6FF40DD-6896-4E00-B81A-448D78481F6C}.Release|Any CPU.ActiveCfg = Release|Any CPU
		{B6FF40DD-6896-4E00-B81A-448D78481F6C}.Release|Any CPU.Build.0 = Release|Any CPU
		{D00F436F-008B-4938-B188-92AB32FB00A0}.Debug|Any CPU.ActiveCfg = Debug|Any CPU
		{D00F436F-008B-4938-B188-92AB32FB00A0}.Debug|Any CPU.Build.0 = Debug|Any CPU
		{D00F436F-008B-4938-B188-92AB32FB00A0}.Release|Any CPU.ActiveCfg = Release|Any CPU
		{D00F436F-008B-4938-B188-92AB32FB00A0}.Release|Any CPU.Build.0 = Release|Any CPU
		{E4D1DA02-1EB9-48D5-9FDE-B4B6DFD4F7F8}.Debug|Any CPU.ActiveCfg = Debug|Any CPU
		{E4D1DA02-1EB9-48D5-9FDE-B4B6DFD4F7F8}.Debug|Any CPU.Build.0 = Debug|Any CPU
		{E4D1DA02-1EB9-48D5-9FDE-B4B6DFD4F7F8}.Release|Any CPU.ActiveCfg = Release|Any CPU
		{E4D1DA02-1EB9-48D5-9FDE-B4B6DFD4F7F8}.Release|Any CPU.Build.0 = Release|Any CPU
		{5A047C8D-EE74-4100-AAB9-138797A1AD9A}.Debug|Any CPU.ActiveCfg = Debug|Any CPU
		{5A047C8D-EE74-4100-AAB9-138797A1AD9A}.Debug|Any CPU.Build.0 = Debug|Any CPU
		{5A047C8D-EE74-4100-AAB9-138797A1AD9A}.Release|Any CPU.ActiveCfg = Release|Any CPU
		{5A047C8D-EE74-4100-AAB9-138797A1AD9A}.Release|Any CPU.Build.0 = Release|Any CPU
		{4ECC4BE7-3F4D-495B-AE73-041B8CE0F014}.Debug|Any CPU.ActiveCfg = Debug|Any CPU
		{4ECC4BE7-3F4D-495B-AE73-041B8CE0F014}.Debug|Any CPU.Build.0 = Debug|Any CPU
		{4ECC4BE7-3F4D-495B-AE73-041B8CE0F014}.Release|Any CPU.ActiveCfg = Release|Any CPU
		{4ECC4BE7-3F4D-495B-AE73-041B8CE0F014}.Release|Any CPU.Build.0 = Release|Any CPU
		{7314E51B-E6B8-4399-870A-157658E4314D}.Debug|Any CPU.ActiveCfg = Debug|Any CPU
		{7314E51B-E6B8-4399-870A-157658E4314D}.Debug|Any CPU.Build.0 = Debug|Any CPU
		{7314E51B-E6B8-4399-870A-157658E4314D}.Release|Any CPU.ActiveCfg = Release|Any CPU
		{7314E51B-E6B8-4399-870A-157658E4314D}.Release|Any CPU.Build.0 = Release|Any CPU
	EndGlobalSection
	GlobalSection(SolutionProperties) = preSolution
		HideSolutionNode = FALSE
	EndGlobalSection
	GlobalSection(NestedProjects) = preSolution
		{5BFC1702-396D-4F7F-87DF-08A49C4C3B3E} = {175554EC-88F0-4F80-8B69-3F579BED81D3}
		{A43F1BB0-A7A7-4BAD-82DE-29A97AA95489} = {175554EC-88F0-4F80-8B69-3F579BED81D3}
		{5F4901D0-E915-4364-8701-BB64707BBF2E} = {175554EC-88F0-4F80-8B69-3F579BED81D3}
		{8DCECD10-AE8E-4BB0-8ADC-2CA8A5E362FC} = {175554EC-88F0-4F80-8B69-3F579BED81D3}
		{02849AD5-851A-414B-985F-5D43759528AE} = {175554EC-88F0-4F80-8B69-3F579BED81D3}
		{471AE5D1-C98C-4DE0-AA67-82820742C676} = {175554EC-88F0-4F80-8B69-3F579BED81D3}
		{B6FF40DD-6896-4E00-B81A-448D78481F6C} = {175554EC-88F0-4F80-8B69-3F579BED81D3}
		{D00F436F-008B-4938-B188-92AB32FB00A0} = {175554EC-88F0-4F80-8B69-3F579BED81D3}
		{E4D1DA02-1EB9-48D5-9FDE-B4B6DFD4F7F8} = {175554EC-88F0-4F80-8B69-3F579BED81D3}
		{5A047C8D-EE74-4100-AAB9-138797A1AD9A} = {175554EC-88F0-4F80-8B69-3F579BED81D3}
		{4ECC4BE7-3F4D-495B-AE73-041B8CE0F014} = {175554EC-88F0-4F80-8B69-3F579BED81D3}
		{7314E51B-E6B8-4399-870A-157658E4314D} = {175554EC-88F0-4F80-8B69-3F579BED81D3}
	EndGlobalSection
	GlobalSection(ExtensibilityGlobals) = postSolution
		SolutionGuid = {21CE595B-76E2-41CC-B071-5FA69A52A846}
	EndGlobalSection
EndGlobal
